// !$*UTF8*$!
{
	archiveVersion = 1;
	classes = {
	};
	objectVersion = 46;
	objects = {

/* Begin PBXBuildFile section */
		9E73AC4F1A1B77200046494D /* SettingsViewController.m in Sources */ = {isa = PBXBuildFile; fileRef = 9E73AC4E1A1B77200046494D /* SettingsViewController.m */; };
		9EB3BCE51A0FC5FB000C70F0 /* main.m in Sources */ = {isa = PBXBuildFile; fileRef = 9EB3BCE41A0FC5FB000C70F0 /* main.m */; };
		9EB3BCE81A0FC5FB000C70F0 /* AppDelegate.m in Sources */ = {isa = PBXBuildFile; fileRef = 9EB3BCE71A0FC5FB000C70F0 /* AppDelegate.m */; };
		9EB3BCEB1A0FC5FB000C70F0 /* LoginViewController.m in Sources */ = {isa = PBXBuildFile; fileRef = 9EB3BCEA1A0FC5FB000C70F0 /* LoginViewController.m */; };
		9EB3BCEE1A0FC5FB000C70F0 /* Main.storyboard in Resources */ = {isa = PBXBuildFile; fileRef = 9EB3BCEC1A0FC5FB000C70F0 /* Main.storyboard */; };
		9EB3BCF01A0FC5FB000C70F0 /* Images.xcassets in Resources */ = {isa = PBXBuildFile; fileRef = 9EB3BCEF1A0FC5FB000C70F0 /* Images.xcassets */; };
		9EB3BCF31A0FC5FB000C70F0 /* LaunchScreen.xib in Resources */ = {isa = PBXBuildFile; fileRef = 9EB3BCF11A0FC5FB000C70F0 /* LaunchScreen.xib */; };
		9EB3BCFF1A0FC5FB000C70F0 /* SimplePayTests.m in Sources */ = {isa = PBXBuildFile; fileRef = 9EB3BCFE1A0FC5FB000C70F0 /* SimplePayTests.m */; };
		9EB3BD0C1A0FCBA1000C70F0 /* JSONHelper.m in Sources */ = {isa = PBXBuildFile; fileRef = 9EB3BD0B1A0FCBA1000C70F0 /* JSONHelper.m */; };
		9EB3BD0F1A0FCC24000C70F0 /* SQLResult.m in Sources */ = {isa = PBXBuildFile; fileRef = 9EB3BD0E1A0FCC24000C70F0 /* SQLResult.m */; };
		9EB3BD121A0FCD20000C70F0 /* DaySpecificationViewController.m in Sources */ = {isa = PBXBuildFile; fileRef = 9EB3BD111A0FCD20000C70F0 /* DaySpecificationViewController.m */; };
		9EB3BD151A0FCE4A000C70F0 /* Tisch.m in Sources */ = {isa = PBXBuildFile; fileRef = 9EB3BD141A0FCE4A000C70F0 /* Tisch.m */; };
		9EB3BD181A0FCF68000C70F0 /* MenuCardViewController.m in Sources */ = {isa = PBXBuildFile; fileRef = 9EB3BD171A0FCF68000C70F0 /* MenuCardViewController.m */; };
/* End PBXBuildFile section */

/* Begin PBXContainerItemProxy section */
		9EB3BCF91A0FC5FB000C70F0 /* PBXContainerItemProxy */ = {
			isa = PBXContainerItemProxy;
			containerPortal = 9EB3BCD71A0FC5FB000C70F0 /* Project object */;
			proxyType = 1;
			remoteGlobalIDString = 9EB3BCDE1A0FC5FB000C70F0;
			remoteInfo = SimplePay;
		};
/* End PBXContainerItemProxy section */

/* Begin PBXFileReference section */
		9E73AC4D1A1B77200046494D /* SettingsViewController.h */ = {isa = PBXFileReference; fileEncoding = 4; lastKnownFileType = sourcecode.c.h; path = SettingsViewController.h; sourceTree = "<group>"; };
		9E73AC4E1A1B77200046494D /* SettingsViewController.m */ = {isa = PBXFileReference; fileEncoding = 4; lastKnownFileType = sourcecode.c.objc; path = SettingsViewController.m; sourceTree = "<group>"; };
		9EB3BCDF1A0FC5FB000C70F0 /* SimplePay.app */ = {isa = PBXFileReference; explicitFileType = wrapper.application; includeInIndex = 0; path = SimplePay.app; sourceTree = BUILT_PRODUCTS_DIR; };
		9EB3BCE31A0FC5FB000C70F0 /* Info.plist */ = {isa = PBXFileReference; lastKnownFileType = text.plist.xml; path = Info.plist; sourceTree = "<group>"; };
		9EB3BCE41A0FC5FB000C70F0 /* main.m */ = {isa = PBXFileReference; lastKnownFileType = sourcecode.c.objc; path = main.m; sourceTree = "<group>"; };
		9EB3BCE61A0FC5FB000C70F0 /* AppDelegate.h */ = {isa = PBXFileReference; lastKnownFileType = sourcecode.c.h; path = AppDelegate.h; sourceTree = "<group>"; };
		9EB3BCE71A0FC5FB000C70F0 /* AppDelegate.m */ = {isa = PBXFileReference; lastKnownFileType = sourcecode.c.objc; path = AppDelegate.m; sourceTree = "<group>"; };
		9EB3BCE91A0FC5FB000C70F0 /* LoginViewController.h */ = {isa = PBXFileReference; lastKnownFileType = sourcecode.c.h; path = LoginViewController.h; sourceTree = "<group>"; };
		9EB3BCEA1A0FC5FB000C70F0 /* LoginViewController.m */ = {isa = PBXFileReference; lastKnownFileType = sourcecode.c.objc; path = LoginViewController.m; sourceTree = "<group>"; };
		9EB3BCED1A0FC5FB000C70F0 /* Base */ = {isa = PBXFileReference; lastKnownFileType = file.storyboard; name = Base; path = Base.lproj/Main.storyboard; sourceTree = "<group>"; };
		9EB3BCEF1A0FC5FB000C70F0 /* Images.xcassets */ = {isa = PBXFileReference; lastKnownFileType = folder.assetcatalog; path = Images.xcassets; sourceTree = "<group>"; };
		9EB3BCF21A0FC5FB000C70F0 /* Base */ = {isa = PBXFileReference; lastKnownFileType = file.xib; name = Base; path = Base.lproj/LaunchScreen.xib; sourceTree = "<group>"; };
		9EB3BCF81A0FC5FB000C70F0 /* SimplePayTests.xctest */ = {isa = PBXFileReference; explicitFileType = wrapper.cfbundle; includeInIndex = 0; path = SimplePayTests.xctest; sourceTree = BUILT_PRODUCTS_DIR; };
		9EB3BCFD1A0FC5FB000C70F0 /* Info.plist */ = {isa = PBXFileReference; lastKnownFileType = text.plist.xml; path = Info.plist; sourceTree = "<group>"; };
		9EB3BCFE1A0FC5FB000C70F0 /* SimplePayTests.m */ = {isa = PBXFileReference; lastKnownFileType = sourcecode.c.objc; path = SimplePayTests.m; sourceTree = "<group>"; };
		9EB3BD0A1A0FCBA1000C70F0 /* JSONHelper.h */ = {isa = PBXFileReference; fileEncoding = 4; lastKnownFileType = sourcecode.c.h; path = JSONHelper.h; sourceTree = "<group>"; };
		9EB3BD0B1A0FCBA1000C70F0 /* JSONHelper.m */ = {isa = PBXFileReference; fileEncoding = 4; lastKnownFileType = sourcecode.c.objc; path = JSONHelper.m; sourceTree = "<group>"; };
		9EB3BD0D1A0FCC24000C70F0 /* SQLResult.h */ = {isa = PBXFileReference; fileEncoding = 4; lastKnownFileType = sourcecode.c.h; path = SQLResult.h; sourceTree = "<group>"; };
		9EB3BD0E1A0FCC24000C70F0 /* SQLResult.m */ = {isa = PBXFileReference; fileEncoding = 4; lastKnownFileType = sourcecode.c.objc; path = SQLResult.m; sourceTree = "<group>"; };
		9EB3BD101A0FCD20000C70F0 /* DaySpecificationViewController.h */ = {isa = PBXFileReference; fileEncoding = 4; lastKnownFileType = sourcecode.c.h; path = DaySpecificationViewController.h; sourceTree = "<group>"; };
		9EB3BD111A0FCD20000C70F0 /* DaySpecificationViewController.m */ = {isa = PBXFileReference; fileEncoding = 4; lastKnownFileType = sourcecode.c.objc; path = DaySpecificationViewController.m; sourceTree = "<group>"; };
		9EB3BD131A0FCE4A000C70F0 /* Tisch.h */ = {isa = PBXFileReference; fileEncoding = 4; lastKnownFileType = sourcecode.c.h; path = Tisch.h; sourceTree = "<group>"; };
		9EB3BD141A0FCE4A000C70F0 /* Tisch.m */ = {isa = PBXFileReference; fileEncoding = 4; lastKnownFileType = sourcecode.c.objc; path = Tisch.m; sourceTree = "<group>"; };
		9EB3BD161A0FCF68000C70F0 /* MenuCardViewController.h */ = {isa = PBXFileReference; fileEncoding = 4; lastKnownFileType = sourcecode.c.h; path = MenuCardViewController.h; sourceTree = "<group>"; };
		9EB3BD171A0FCF68000C70F0 /* MenuCardViewController.m */ = {isa = PBXFileReference; fileEncoding = 4; lastKnownFileType = sourcecode.c.objc; path = MenuCardViewController.m; sourceTree = "<group>"; };
/* End PBXFileReference section */

/* Begin PBXFrameworksBuildPhase section */
		9EB3BCDC1A0FC5FB000C70F0 /* Frameworks */ = {
			isa = PBXFrameworksBuildPhase;
			buildActionMask = 2147483647;
			files = (
			);
			runOnlyForDeploymentPostprocessing = 0;
		};
		9EB3BCF51A0FC5FB000C70F0 /* Frameworks */ = {
			isa = PBXFrameworksBuildPhase;
			buildActionMask = 2147483647;
			files = (
			);
			runOnlyForDeploymentPostprocessing = 0;
		};
/* End PBXFrameworksBuildPhase section */

/* Begin PBXGroup section */
		9EB3BCD61A0FC5FB000C70F0 = {
			isa = PBXGroup;
			children = (
				9EB3BCE11A0FC5FB000C70F0 /* SimplePay */,
				9EB3BCFB1A0FC5FB000C70F0 /* SimplePayTests */,
				9EB3BCE01A0FC5FB000C70F0 /* Products */,
			);
			sourceTree = "<group>";
		};
		9EB3BCE01A0FC5FB000C70F0 /* Products */ = {
			isa = PBXGroup;
			children = (
				9EB3BCDF1A0FC5FB000C70F0 /* SimplePay.app */,
				9EB3BCF81A0FC5FB000C70F0 /* SimplePayTests.xctest */,
			);
			name = Products;
			sourceTree = "<group>";
		};
		9EB3BCE11A0FC5FB000C70F0 /* SimplePay */ = {
			isa = PBXGroup;
			children = (
				9EB3BD091A0FCB79000C70F0 /* WebService */,
				9EB3BD081A0FCB71000C70F0 /* Entities */,
				9EB3BCE61A0FC5FB000C70F0 /* AppDelegate.h */,
				9EB3BCE71A0FC5FB000C70F0 /* AppDelegate.m */,
				9EB3BCE91A0FC5FB000C70F0 /* LoginViewController.h */,
				9EB3BCEA1A0FC5FB000C70F0 /* LoginViewController.m */,
				9EB3BD101A0FCD20000C70F0 /* DaySpecificationViewController.h */,
				9EB3BD111A0FCD20000C70F0 /* DaySpecificationViewController.m */,
				9EB3BD161A0FCF68000C70F0 /* MenuCardViewController.h */,
				9EB3BD171A0FCF68000C70F0 /* MenuCardViewController.m */,
				9E73AC4D1A1B77200046494D /* SettingsViewController.h */,
				9E73AC4E1A1B77200046494D /* SettingsViewController.m */,
				9EB3BCEC1A0FC5FB000C70F0 /* Main.storyboard */,
				9EB3BCEF1A0FC5FB000C70F0 /* Images.xcassets */,
				9EB3BCF11A0FC5FB000C70F0 /* LaunchScreen.xib */,
				9EB3BCE21A0FC5FB000C70F0 /* Supporting Files */,
			);
			path = SimplePay;
			sourceTree = "<group>";
		};
		9EB3BCE21A0FC5FB000C70F0 /* Supporting Files */ = {
			isa = PBXGroup;
			children = (
				9EB3BCE31A0FC5FB000C70F0 /* Info.plist */,
				9EB3BCE41A0FC5FB000C70F0 /* main.m */,
			);
			name = "Supporting Files";
			sourceTree = "<group>";
		};
		9EB3BCFB1A0FC5FB000C70F0 /* SimplePayTests */ = {
			isa = PBXGroup;
			children = (
				9EB3BCFE1A0FC5FB000C70F0 /* SimplePayTests.m */,
				9EB3BCFC1A0FC5FB000C70F0 /* Supporting Files */,
			);
			path = SimplePayTests;
			sourceTree = "<group>";
		};
		9EB3BCFC1A0FC5FB000C70F0 /* Supporting Files */ = {
			isa = PBXGroup;
			children = (
				9EB3BCFD1A0FC5FB000C70F0 /* Info.plist */,
			);
			name = "Supporting Files";
			sourceTree = "<group>";
		};
		9EB3BD081A0FCB71000C70F0 /* Entities */ = {
			isa = PBXGroup;
			children = (
				9EB3BD131A0FCE4A000C70F0 /* Tisch.h */,
				9EB3BD141A0FCE4A000C70F0 /* Tisch.m */,
			);
			name = Entities;
			sourceTree = "<group>";
		};
		9EB3BD091A0FCB79000C70F0 /* WebService */ = {
			isa = PBXGroup;
			children = (
				9EB3BD0A1A0FCBA1000C70F0 /* JSONHelper.h */,
				9EB3BD0B1A0FCBA1000C70F0 /* JSONHelper.m */,
				9EB3BD0D1A0FCC24000C70F0 /* SQLResult.h */,
				9EB3BD0E1A0FCC24000C70F0 /* SQLResult.m */,
			);
			name = WebService;
			sourceTree = "<group>";
		};
/* End PBXGroup section */

/* Begin PBXNativeTarget section */
		9EB3BCDE1A0FC5FB000C70F0 /* SimplePay */ = {
			isa = PBXNativeTarget;
			buildConfigurationList = 9EB3BD021A0FC5FB000C70F0 /* Build configuration list for PBXNativeTarget "SimplePay" */;
			buildPhases = (
				9EB3BCDB1A0FC5FB000C70F0 /* Sources */,
				9EB3BCDC1A0FC5FB000C70F0 /* Frameworks */,
				9EB3BCDD1A0FC5FB000C70F0 /* Resources */,
			);
			buildRules = (
			);
			dependencies = (
			);
			name = SimplePay;
			productName = SimplePay;
			productReference = 9EB3BCDF1A0FC5FB000C70F0 /* SimplePay.app */;
			productType = "com.apple.product-type.application";
		};
		9EB3BCF71A0FC5FB000C70F0 /* SimplePayTests */ = {
			isa = PBXNativeTarget;
			buildConfigurationList = 9EB3BD051A0FC5FB000C70F0 /* Build configuration list for PBXNativeTarget "SimplePayTests" */;
			buildPhases = (
				9EB3BCF41A0FC5FB000C70F0 /* Sources */,
				9EB3BCF51A0FC5FB000C70F0 /* Frameworks */,
				9EB3BCF61A0FC5FB000C70F0 /* Resources */,
			);
			buildRules = (
			);
			dependencies = (
				9EB3BCFA1A0FC5FB000C70F0 /* PBXTargetDependency */,
			);
			name = SimplePayTests;
			productName = SimplePayTests;
			productReference = 9EB3BCF81A0FC5FB000C70F0 /* SimplePayTests.xctest */;
			productType = "com.apple.product-type.bundle.unit-test";
		};
/* End PBXNativeTarget section */

/* Begin PBXProject section */
		9EB3BCD71A0FC5FB000C70F0 /* Project object */ = {
			isa = PBXProject;
			attributes = {
				LastUpgradeCheck = 0610;
				ORGANIZATIONNAME = Colakoglu;
				TargetAttributes = {
					9EB3BCDE1A0FC5FB000C70F0 = {
						CreatedOnToolsVersion = 6.1;
					};
					9EB3BCF71A0FC5FB000C70F0 = {
						CreatedOnToolsVersion = 6.1;
						TestTargetID = 9EB3BCDE1A0FC5FB000C70F0;
					};
				};
			};
			buildConfigurationList = 9EB3BCDA1A0FC5FB000C70F0 /* Build configuration list for PBXProject "SimplePay" */;
			compatibilityVersion = "Xcode 3.2";
			developmentRegion = English;
			hasScannedForEncodings = 0;
			knownRegions = (
				en,
				Base,
			);
			mainGroup = 9EB3BCD61A0FC5FB000C70F0;
			productRefGroup = 9EB3BCE01A0FC5FB000C70F0 /* Products */;
			projectDirPath = "";
			projectRoot = "";
			targets = (
				9EB3BCDE1A0FC5FB000C70F0 /* SimplePay */,
				9EB3BCF71A0FC5FB000C70F0 /* SimplePayTests */,
			);
		};
/* End PBXProject section */

/* Begin PBXResourcesBuildPhase section */
		9EB3BCDD1A0FC5FB000C70F0 /* Resources */ = {
			isa = PBXResourcesBuildPhase;
			buildActionMask = 2147483647;
			files = (
				9EB3BCEE1A0FC5FB000C70F0 /* Main.storyboard in Resources */,
				9EB3BCF31A0FC5FB000C70F0 /* LaunchScreen.xib in Resources */,
				9EB3BCF01A0FC5FB000C70F0 /* Images.xcassets in Resources */,
			);
			runOnlyForDeploymentPostprocessing = 0;
		};
		9EB3BCF61A0FC5FB000C70F0 /* Resources */ = {
			isa = PBXResourcesBuildPhase;
			buildActionMask = 2147483647;
			files = (
			);
			runOnlyForDeploymentPostprocessing = 0;
		};
/* End PBXResourcesBuildPhase section */

/* Begin PBXSourcesBuildPhase section */
		9EB3BCDB1A0FC5FB000C70F0 /* Sources */ = {
			isa = PBXSourcesBuildPhase;
			buildActionMask = 2147483647;
			files = (
				9EB3BCEB1A0FC5FB000C70F0 /* LoginViewController.m in Sources */,
				9EB3BD181A0FCF68000C70F0 /* MenuCardViewController.m in Sources */,
				9EB3BD0C1A0FCBA1000C70F0 /* JSONHelper.m in Sources */,
				9E73AC4F1A1B77200046494D /* SettingsViewController.m in Sources */,
				9EB3BD0F1A0FCC24000C70F0 /* SQLResult.m in Sources */,
				9EB3BCE81A0FC5FB000C70F0 /* AppDelegate.m in Sources */,
				9EB3BD121A0FCD20000C70F0 /* DaySpecificationViewController.m in Sources */,
				9EB3BD151A0FCE4A000C70F0 /* Tisch.m in Sources */,
				9EB3BCE51A0FC5FB000C70F0 /* main.m in Sources */,
			);
			runOnlyForDeploymentPostprocessing = 0;
		};
		9EB3BCF41A0FC5FB000C70F0 /* Sources */ = {
			isa = PBXSourcesBuildPhase;
			buildActionMask = 2147483647;
			files = (
				9EB3BCFF1A0FC5FB000C70F0 /* SimplePayTests.m in Sources */,
			);
			runOnlyForDeploymentPostprocessing = 0;
		};
/* End PBXSourcesBuildPhase section */

/* Begin PBXTargetDependency section */
		9EB3BCFA1A0FC5FB000C70F0 /* PBXTargetDependency */ = {
			isa = PBXTargetDependency;
			target = 9EB3BCDE1A0FC5FB000C70F0 /* SimplePay */;
			targetProxy = 9EB3BCF91A0FC5FB000C70F0 /* PBXContainerItemProxy */;
		};
/* End PBXTargetDependency section */

/* Begin PBXVariantGroup section */
		9EB3BCEC1A0FC5FB000C70F0 /* Main.storyboard */ = {
			isa = PBXVariantGroup;
			children = (
				9EB3BCED1A0FC5FB000C70F0 /* Base */,
			);
			name = Main.storyboard;
			sourceTree = "<group>";
		};
		9EB3BCF11A0FC5FB000C70F0 /* LaunchScreen.xib */ = {
			isa = PBXVariantGroup;
			children = (
				9EB3BCF21A0FC5FB000C70F0 /* Base */,
			);
			name = LaunchScreen.xib;
			sourceTree = "<group>";
		};
/* End PBXVariantGroup section */

/* Begin XCBuildConfiguration section */
		9EB3BD001A0FC5FB000C70F0 /* Debug */ = {
			isa = XCBuildConfiguration;
			buildSettings = {
				ALWAYS_SEARCH_USER_PATHS = NO;
				CLANG_CXX_LANGUAGE_STANDARD = "gnu++0x";
				CLANG_CXX_LIBRARY = "libc++";
				CLANG_ENABLE_MODULES = YES;
				CLANG_ENABLE_OBJC_ARC = YES;
				CLANG_WARN_BOOL_CONVERSION = YES;
				CLANG_WARN_CONSTANT_CONVERSION = YES;
				CLANG_WARN_DIRECT_OBJC_ISA_USAGE = YES_ERROR;
				CLANG_WARN_EMPTY_BODY = YES;
				CLANG_WARN_ENUM_CONVERSION = YES;
				CLANG_WARN_INT_CONVERSION = YES;
				CLANG_WARN_OBJC_ROOT_CLASS = YES_ERROR;
				CLANG_WARN_UNREACHABLE_CODE = YES;
				CLANG_WARN__DUPLICATE_METHOD_MATCH = YES;
				"CODE_SIGN_IDENTITY[sdk=iphoneos*]" = "iPhone Developer";
				COPY_PHASE_STRIP = NO;
				ENABLE_STRICT_OBJC_MSGSEND = YES;
				GCC_C_LANGUAGE_STANDARD = gnu99;
				GCC_DYNAMIC_NO_PIC = NO;
				GCC_OPTIMIZATION_LEVEL = 0;
				GCC_PREPROCESSOR_DEFINITIONS = (
					"DEBUG=1",
					"$(inherited)",
				);
				GCC_SYMBOLS_PRIVATE_EXTERN = NO;
				GCC_WARN_64_TO_32_BIT_CONVERSION = YES;
				GCC_WARN_ABOUT_RETURN_TYPE = YES_ERROR;
				GCC_WARN_UNDECLARED_SELECTOR = YES;
				GCC_WARN_UNINITIALIZED_AUTOS = YES_AGGRESSIVE;
				GCC_WARN_UNUSED_FUNCTION = YES;
				GCC_WARN_UNUSED_VARIABLE = YES;
				IPHONEOS_DEPLOYMENT_TARGET = 8.1;
				MTL_ENABLE_DEBUG_INFO = YES;
				ONLY_ACTIVE_ARCH = YES;
				SDKROOT = iphoneos;
			};
			name = Debug;
		};
		9EB3BD011A0FC5FB000C70F0 /* Release */ = {
			isa = XCBuildConfiguration;
			buildSettings = {
				ALWAYS_SEARCH_USER_PATHS = NO;
				CLANG_CXX_LANGUAGE_STANDARD = "gnu++0x";
				CLANG_CXX_LIBRARY = "libc++";
				CLANG_ENABLE_MODULES = YES;
				CLANG_ENABLE_OBJC_ARC = YES;
				CLANG_WARN_BOOL_CONVERSION = YES;
				CLANG_WARN_CONSTANT_CONVERSION = YES;
				CLANG_WARN_DIRECT_OBJC_ISA_USAGE = YES_ERROR;
				CLANG_WARN_EMPTY_BODY = YES;
				CLANG_WARN_ENUM_CONVERSION = YES;
				CLANG_WARN_INT_CONVERSION = YES;
				CLANG_WARN_OBJC_ROOT_CLASS = YES_ERROR;
				CLANG_WARN_UNREACHABLE_CODE = YES;
				CLANG_WARN__DUPLICATE_METHOD_MATCH = YES;
				"CODE_SIGN_IDENTITY[sdk=iphoneos*]" = "iPhone Developer";
				COPY_PHASE_STRIP = YES;
				ENABLE_NS_ASSERTIONS = NO;
				ENABLE_STRICT_OBJC_MSGSEND = YES;
				GCC_C_LANGUAGE_STANDARD = gnu99;
				GCC_WARN_64_TO_32_BIT_CONVERSION = YES;
				GCC_WARN_ABOUT_RETURN_TYPE = YES_ERROR;
				GCC_WARN_UNDECLARED_SELECTOR = YES;
				GCC_WARN_UNINITIALIZED_AUTOS = YES_AGGRESSIVE;
				GCC_WARN_UNUSED_FUNCTION = YES;
				GCC_WARN_UNUSED_VARIABLE = YES;
				IPHONEOS_DEPLOYMENT_TARGET = 8.1;
				MTL_ENABLE_DEBUG_INFO = NO;
				SDKROOT = iphoneos;
				VALIDATE_PRODUCT = YES;
			};
			name = Release;
		};
		9EB3BD031A0FC5FB000C70F0 /* Debug */ = {
			isa = XCBuildConfiguration;
			buildSettings = {
				ASSETCATALOG_COMPILER_APPICON_NAME = AppIcon;
				INFOPLIST_FILE = SimplePay/Info.plist;
				LD_RUNPATH_SEARCH_PATHS = "$(inherited) @executable_path/Frameworks";
				PRODUCT_NAME = "$(TARGET_NAME)";
			};
			name = Debug;
		};
		9EB3BD041A0FC5FB000C70F0 /* Release */ = {
			isa = XCBuildConfiguration;
			buildSettings = {
				ASSETCATALOG_COMPILER_APPICON_NAME = AppIcon;
				INFOPLIST_FILE = SimplePay/Info.plist;
				LD_RUNPATH_SEARCH_PATHS = "$(inherited) @executable_path/Frameworks";
				PRODUCT_NAME = "$(TARGET_NAME)";
			};
			name = Release;
		};
		9EB3BD061A0FC5FB000C70F0 /* Debug */ = {
			isa = XCBuildConfiguration;
			buildSettings = {
				BUNDLE_LOADER = "$(TEST_HOST)";
				FRAMEWORK_SEARCH_PATHS = (
					"$(SDKROOT)/Developer/Library/Frameworks",
					"$(inherited)",
				);
				GCC_PREPROCESSOR_DEFINITIONS = (
					"DEBUG=1",
					"$(inherited)",
				);
				INFOPLIST_FILE = SimplePayTests/Info.plist;
				LD_RUNPATH_SEARCH_PATHS = "$(inherited) @executable_path/Frameworks @loader_path/Frameworks";
				PRODUCT_NAME = "$(TARGET_NAME)";
				TEST_HOST = "$(BUILT_PRODUCTS_DIR)/SimplePay.app/SimplePay";
			};
			name = Debug;
		};
		9EB3BD071A0FC5FB000C70F0 /* Release */ = {
			isa = XCBuildConfiguration;
			buildSettings = {
				BUNDLE_LOADER = "$(TEST_HOST)";
				FRAMEWORK_SEARCH_PATHS = (
					"$(SDKROOT)/Developer/Library/Frameworks",
					"$(inherited)",
				);
				INFOPLIST_FILE = SimplePayTests/Info.plist;
				LD_RUNPATH_SEARCH_PATHS = "$(inherited) @executable_path/Frameworks @loader_path/Frameworks";
				PRODUCT_NAME = "$(TARGET_NAME)";
				TEST_HOST = "$(BUILT_PRODUCTS_DIR)/SimplePay.app/SimplePay";
			};
			name = Release;
		};
/* End XCBuildConfiguration section */

/* Begin XCConfigurationList section */
		9EB3BCDA1A0FC5FB000C70F0 /* Build configuration list for PBXProject "SimplePay" */ = {
			isa = XCConfigurationList;
			buildConfigurations = (
				9EB3BD001A0FC5FB000C70F0 /* Debug */,
				9EB3BD011A0FC5FB000C70F0 /* Release */,
			);
			defaultConfigurationIsVisible = 0;
			defaultConfigurationName = Release;
		};
		9EB3BD021A0FC5FB000C70F0 /* Build configuration list for PBXNativeTarget "SimplePay" */ = {
			isa = XCConfigurationList;
			buildConfigurations = (
				9EB3BD031A0FC5FB000C70F0 /* Debug */,
				9EB3BD041A0FC5FB000C70F0 /* Release */,
			);
			defaultConfigurationIsVisible = 0;
			defaultConfigurationName = Release;
		};
		9EB3BD051A0FC5FB000C70F0 /* Build configuration list for PBXNativeTarget "SimplePayTests" */ = {
			isa = XCConfigurationList;
			buildConfigurations = (
				9EB3BD061A0FC5FB000C70F0 /* Debug */,
				9EB3BD071A0FC5FB000C70F0 /* Release */,
			);
			defaultConfigurationIsVisible = 0;
			defaultConfigurationName = Release;
		};
/* End XCConfigurationList section */
	};
	rootObject = 9EB3BCD71A0FC5FB000C70F0 /* Project object */;
}
